// !$*UTF8*$!
{
	archiveVersion = 1;
	classes = {
	};
	objectVersion = 77;
	objects = {

/* Begin PBXContainerItemProxy section */
		4CCCB8D92D2B879C00AA254F /* PBXContainerItemProxy */ = {
			isa = PBXContainerItemProxy;
			containerPortal = 4CCCB8C02D2B879900AA254F /* Project object */;
			proxyType = 1;
			remoteGlobalIDString = 4CCCB8C72D2B879900AA254F;
			remoteInfo = CoinFlip;
		};
		4CCCB8E32D2B879C00AA254F /* PBXContainerItemProxy */ = {
			isa = PBXContainerItemProxy;
			containerPortal = 4CCCB8C02D2B879900AA254F /* Project object */;
			proxyType = 1;
			remoteGlobalIDString = 4CCCB8C72D2B879900AA254F;
			remoteInfo = CoinFlip;
		};
/* End PBXContainerItemProxy section */

/* Begin PBXFileReference section */
		4CCCB8C82D2B879900AA254F /* CoinFlip.app */ = {isa = PBXFileReference; explicitFileType = wrapper.application; includeInIndex = 0; path = CoinFlip.app; sourceTree = BUILT_PRODUCTS_DIR; };
		4CCCB8D82D2B879C00AA254F /* CoinFlipTests.xctest */ = {isa = PBXFileReference; explicitFileType = wrapper.cfbundle; includeInIndex = 0; path = CoinFlipTests.xctest; sourceTree = BUILT_PRODUCTS_DIR; };
		4CCCB8E22D2B879C00AA254F /* CoinFlipUITests.xctest */ = {isa = PBXFileReference; explicitFileType = wrapper.cfbundle; includeInIndex = 0; path = CoinFlipUITests.xctest; sourceTree = BUILT_PRODUCTS_DIR; };
/* End PBXFileReference section */

/* Begin PBXFileSystemSynchronizedRootGroup section */
		4CCCB8CA2D2B879900AA254F /* CoinFlip */ = {
			isa = PBXFileSystemSynchronizedRootGroup;
			path = CoinFlip;
			sourceTree = "<group>";
		};
		4CCCB8DB2D2B879C00AA254F /* CoinFlipTests */ = {
			isa = PBXFileSystemSynchronizedRootGroup;
			path = CoinFlipTests;
			sourceTree = "<group>";
		};
		4CCCB8E52D2B879C00AA254F /* CoinFlipUITests */ = {
			isa = PBXFileSystemSynchronizedRootGroup;
			path = CoinFlipUITests;
			sourceTree = "<group>";
		};
/* End PBXFileSystemSynchronizedRootGroup section */

/* Begin PBXFrameworksBuildPhase section */
		4CCCB8C52D2B879900AA254F /* Frameworks */ = {
			isa = PBXFrameworksBuildPhase;
			buildActionMask = 2147483647;
			files = (
			);
			runOnlyForDeploymentPostprocessing = 0;
		};
		4CCCB8D52D2B879C00AA254F /* Frameworks */ = {
			isa = PBXFrameworksBuildPhase;
			buildActionMask = 2147483647;
			files = (
			);
			runOnlyForDeploymentPostprocessing = 0;
		};
		4CCCB8DF2D2B879C00AA254F /* Frameworks */ = {
			isa = PBXFrameworksBuildPhase;
			buildActionMask = 2147483647;
			files = (
			);
			runOnlyForDeploymentPostprocessing = 0;
		};
/* End PBXFrameworksBuildPhase section */

/* Begin PBXGroup section */
		4CCCB8BF2D2B879900AA254F = {
			isa = PBXGroup;
			children = (
				4CCCB8CA2D2B879900AA254F /* CoinFlip */,
				4CCCB8DB2D2B879C00AA254F /* CoinFlipTests */,
				4CCCB8E52D2B879C00AA254F /* CoinFlipUITests */,
				4CCCB8C92D2B879900AA254F /* Products */,
			);
			sourceTree = "<group>";
		};
		4CCCB8C92D2B879900AA254F /* Products */ = {
			isa = PBXGroup;
			children = (
				4CCCB8C82D2B879900AA254F /* CoinFlip.app */,
				4CCCB8D82D2B879C00AA254F /* CoinFlipTests.xctest */,
				4CCCB8E22D2B879C00AA254F /* CoinFlipUITests.xctest */,
			);
			name = Products;
			sourceTree = "<group>";
		};
/* End PBXGroup section */

/* Begin PBXNativeTarget section */
		4CCCB8C72D2B879900AA254F /* CoinFlip */ = {
			isa = PBXNativeTarget;
			buildConfigurationList = 4CCCB8EC2D2B879C00AA254F /* Build configuration list for PBXNativeTarget "CoinFlip" */;
			buildPhases = (
				4CCCB8C42D2B879900AA254F /* Sources */,
				4CCCB8C52D2B879900AA254F /* Frameworks */,
				4CCCB8C62D2B879900AA254F /* Resources */,
			);
			buildRules = (
			);
			dependencies = (
			);
			fileSystemSynchronizedGroups = (
				4CCCB8CA2D2B879900AA254F /* CoinFlip */,
			);
			name = CoinFlip;
			packageProductDependencies = (
			);
			productName = CoinFlip;
			productReference = 4CCCB8C82D2B879900AA254F /* CoinFlip.app */;
			productType = "com.apple.product-type.application";
		};
		4CCCB8D72D2B879C00AA254F /* CoinFlipTests */ = {
			isa = PBXNativeTarget;
			buildConfigurationList = 4CCCB8EF2D2B879C00AA254F /* Build configuration list for PBXNativeTarget "CoinFlipTests" */;
			buildPhases = (
				4CCCB8D42D2B879C00AA254F /* Sources */,
				4CCCB8D52D2B879C00AA254F /* Frameworks */,
				4CCCB8D62D2B879C00AA254F /* Resources */,
			);
			buildRules = (
			);
			dependencies = (
				4CCCB8DA2D2B879C00AA254F /* PBXTargetDependency */,
			);
			fileSystemSynchronizedGroups = (
				4CCCB8DB2D2B879C00AA254F /* CoinFlipTests */,
			);
			name = CoinFlipTests;
			packageProductDependencies = (
			);
			productName = CoinFlipTests;
			productReference = 4CCCB8D82D2B879C00AA254F /* CoinFlipTests.xctest */;
			productType = "com.apple.product-type.bundle.unit-test";
		};
		4CCCB8E12D2B879C00AA254F /* CoinFlipUITests */ = {
			isa = PBXNativeTarget;
			buildConfigurationList = 4CCCB8F22D2B879C00AA254F /* Build configuration list for PBXNativeTarget "CoinFlipUITests" */;
			buildPhases = (
				4CCCB8DE2D2B879C00AA254F /* Sources */,
				4CCCB8DF2D2B879C00AA254F /* Frameworks */,
				4CCCB8E02D2B879C00AA254F /* Resources */,
			);
			buildRules = (
			);
			dependencies = (
				4CCCB8E42D2B879C00AA254F /* PBXTargetDependency */,
			);
			fileSystemSynchronizedGroups = (
				4CCCB8E52D2B879C00AA254F /* CoinFlipUITests */,
			);
			name = CoinFlipUITests;
			packageProductDependencies = (
			);
			productName = CoinFlipUITests;
			productReference = 4CCCB8E22D2B879C00AA254F /* CoinFlipUITests.xctest */;
			productType = "com.apple.product-type.bundle.ui-testing";
		};
/* End PBXNativeTarget section */

/* Begin PBXProject section */
		4CCCB8C02D2B879900AA254F /* Project object */ = {
			isa = PBXProject;
			attributes = {
				BuildIndependentTargetsInParallel = 1;
				LastSwiftUpdateCheck = 1620;
				LastUpgradeCheck = 1620;
				TargetAttributes = {
					4CCCB8C72D2B879900AA254F = {
						CreatedOnToolsVersion = 16.2;
					};
					4CCCB8D72D2B879C00AA254F = {
						CreatedOnToolsVersion = 16.2;
						TestTargetID = 4CCCB8C72D2B879900AA254F;
					};
					4CCCB8E12D2B879C00AA254F = {
						CreatedOnToolsVersion = 16.2;
						TestTargetID = 4CCCB8C72D2B879900AA254F;
					};
				};
			};
			buildConfigurationList = 4CCCB8C32D2B879900AA254F /* Build configuration list for PBXProject "CoinFlip" */;
			developmentRegion = en;
			hasScannedForEncodings = 0;
			knownRegions = (
				en,
				Base,
			);
			mainGroup = 4CCCB8BF2D2B879900AA254F;
			minimizedProjectReferenceProxies = 1;
			preferredProjectObjectVersion = 77;
			productRefGroup = 4CCCB8C92D2B879900AA254F /* Products */;
			projectDirPath = "";
			projectRoot = "";
			targets = (
				4CCCB8C72D2B879900AA254F /* CoinFlip */,
				4CCCB8D72D2B879C00AA254F /* CoinFlipTests */,
				4CCCB8E12D2B879C00AA254F /* CoinFlipUITests */,
			);
		};
/* End PBXProject section */

/* Begin PBXResourcesBuildPhase section */
		4CCCB8C62D2B879900AA254F /* Resources */ = {
			isa = PBXResourcesBuildPhase;
			buildActionMask = 2147483647;
			files = (
			);
			runOnlyForDeploymentPostprocessing = 0;
		};
		4CCCB8D62D2B879C00AA254F /* Resources */ = {
			isa = PBXResourcesBuildPhase;
			buildActionMask = 2147483647;
			files = (
			);
			runOnlyForDeploymentPostprocessing = 0;
		};
		4CCCB8E02D2B879C00AA254F /* Resources */ = {
			isa = PBXResourcesBuildPhase;
			buildActionMask = 2147483647;
			files = (
			);
			runOnlyForDeploymentPostprocessing = 0;
		};
/* End PBXResourcesBuildPhase section */

/* Begin PBXSourcesBuildPhase section */
		4CCCB8C42D2B879900AA254F /* Sources */ = {
			isa = PBXSourcesBuildPhase;
			buildActionMask = 2147483647;
			files = (
			);
			runOnlyForDeploymentPostprocessing = 0;
		};
		4CCCB8D42D2B879C00AA254F /* Sources */ = {
			isa = PBXSourcesBuildPhase;
			buildActionMask = 2147483647;
			files = (
			);
			runOnlyForDeploymentPostprocessing = 0;
		};
		4CCCB8DE2D2B879C00AA254F /* Sources */ = {
			isa = PBXSourcesBuildPhase;
			buildActionMask = 2147483647;
			files = (
			);
			runOnlyForDeploymentPostprocessing = 0;
		};
/* End PBXSourcesBuildPhase section */

/* Begin PBXTargetDependency section */
		4CCCB8DA2D2B879C00AA254F /* PBXTargetDependency */ = {
			isa = PBXTargetDependency;
			target = 4CCCB8C72D2B879900AA254F /* CoinFlip */;
			targetProxy = 4CCCB8D92D2B879C00AA254F /* PBXContainerItemProxy */;
		};
		4CCCB8E42D2B879C00AA254F /* PBXTargetDependency */ = {
			isa = PBXTargetDependency;
			target = 4CCCB8C72D2B879900AA254F /* CoinFlip */;
			targetProxy = 4CCCB8E32D2B879C00AA254F /* PBXContainerItemProxy */;
		};
/* End PBXTargetDependency section */

/* Begin XCBuildConfiguration section */
		4CCCB8EA2D2B879C00AA254F /* Debug */ = {
			isa = XCBuildConfiguration;
			buildSettings = {
				ALWAYS_SEARCH_USER_PATHS = NO;
				ASSETCATALOG_COMPILER_GENERATE_SWIFT_ASSET_SYMBOL_EXTENSIONS = YES;
				CLANG_ANALYZER_NONNULL = YES;
				CLANG_ANALYZER_NUMBER_OBJECT_CONVERSION = YES_AGGRESSIVE;
				CLANG_CXX_LANGUAGE_STANDARD = "gnu++20";
				CLANG_ENABLE_MODULES = YES;
				CLANG_ENABLE_OBJC_ARC = YES;
				CLANG_ENABLE_OBJC_WEAK = YES;
				CLANG_WARN_BLOCK_CAPTURE_AUTORELEASING = YES;
				CLANG_WARN_BOOL_CONVERSION = YES;
				CLANG_WARN_COMMA = YES;
				CLANG_WARN_CONSTANT_CONVERSION = YES;
				CLANG_WARN_DEPRECATED_OBJC_IMPLEMENTATIONS = YES;
				CLANG_WARN_DIRECT_OBJC_ISA_USAGE = YES_ERROR;
				CLANG_WARN_DOCUMENTATION_COMMENTS = YES;
				CLANG_WARN_EMPTY_BODY = YES;
				CLANG_WARN_ENUM_CONVERSION = YES;
				CLANG_WARN_INFINITE_RECURSION = YES;
				CLANG_WARN_INT_CONVERSION = YES;
				CLANG_WARN_NON_LITERAL_NULL_CONVERSION = YES;
				CLANG_WARN_OBJC_IMPLICIT_RETAIN_SELF = YES;
				CLANG_WARN_OBJC_LITERAL_CONVERSION = YES;
				CLANG_WARN_OBJC_ROOT_CLASS = YES_ERROR;
				CLANG_WARN_QUOTED_INCLUDE_IN_FRAMEWORK_HEADER = YES;
				CLANG_WARN_RANGE_LOOP_ANALYSIS = YES;
				CLANG_WARN_STRICT_PROTOTYPES = YES;
				CLANG_WARN_SUSPICIOUS_MOVE = YES;
				CLANG_WARN_UNGUARDED_AVAILABILITY = YES_AGGRESSIVE;
				CLANG_WARN_UNREACHABLE_CODE = YES;
				CLANG_WARN__DUPLICATE_METHOD_MATCH = YES;
				COPY_PHASE_STRIP = NO;
				DEBUG_INFORMATION_FORMAT = dwarf;
				ENABLE_STRICT_OBJC_MSGSEND = YES;
				ENABLE_TESTABILITY = YES;
				ENABLE_USER_SCRIPT_SANDBOXING = YES;
				GCC_C_LANGUAGE_STANDARD = gnu17;
				GCC_DYNAMIC_NO_PIC = NO;
				GCC_NO_COMMON_BLOCKS = YES;
				GCC_OPTIMIZATION_LEVEL = 0;
				GCC_PREPROCESSOR_DEFINITIONS = (
					"DEBUG=1",
					"$(inherited)",
				);
				GCC_WARN_64_TO_32_BIT_CONVERSION = YES;
				GCC_WARN_ABOUT_RETURN_TYPE = YES_ERROR;
				GCC_WARN_UNDECLARED_SELECTOR = YES;
				GCC_WARN_UNINITIALIZED_AUTOS = YES_AGGRESSIVE;
				GCC_WARN_UNUSED_FUNCTION = YES;
				GCC_WARN_UNUSED_VARIABLE = YES;
				IPHONEOS_DEPLOYMENT_TARGET = 18.2;
				LOCALIZATION_PREFERS_STRING_CATALOGS = YES;
				MTL_ENABLE_DEBUG_INFO = INCLUDE_SOURCE;
				MTL_FAST_MATH = YES;
				ONLY_ACTIVE_ARCH = YES;
				SDKROOT = iphoneos;
				SWIFT_ACTIVE_COMPILATION_CONDITIONS = "DEBUG $(inherited)";
				SWIFT_OPTIMIZATION_LEVEL = "-Onone";
			};
			name = Debug;
		};
		4CCCB8EB2D2B879C00AA254F /* Release */ = {
			isa = XCBuildConfiguration;
			buildSettings = {
				ALWAYS_SEARCH_USER_PATHS = NO;
				ASSETCATALOG_COMPILER_GENERATE_SWIFT_ASSET_SYMBOL_EXTENSIONS = YES;
				CLANG_ANALYZER_NONNULL = YES;
				CLANG_ANALYZER_NUMBER_OBJECT_CONVERSION = YES_AGGRESSIVE;
				CLANG_CXX_LANGUAGE_STANDARD = "gnu++20";
				CLANG_ENABLE_MODULES = YES;
				CLANG_ENABLE_OBJC_ARC = YES;
				CLANG_ENABLE_OBJC_WEAK = YES;
				CLANG_WARN_BLOCK_CAPTURE_AUTORELEASING = YES;
				CLANG_WARN_BOOL_CONVERSION = YES;
				CLANG_WARN_COMMA = YES;
				CLANG_WARN_CONSTANT_CONVERSION = YES;
				CLANG_WARN_DEPRECATED_OBJC_IMPLEMENTATIONS = YES;
				CLANG_WARN_DIRECT_OBJC_ISA_USAGE = YES_ERROR;
				CLANG_WARN_DOCUMENTATION_COMMENTS = YES;
				CLANG_WARN_EMPTY_BODY = YES;
				CLANG_WARN_ENUM_CONVERSION = YES;
				CLANG_WARN_INFINITE_RECURSION = YES;
				CLANG_WARN_INT_CONVERSION = YES;
				CLANG_WARN_NON_LITERAL_NULL_CONVERSION = YES;
				CLANG_WARN_OBJC_IMPLICIT_RETAIN_SELF = YES;
				CLANG_WARN_OBJC_LITERAL_CONVERSION = YES;
				CLANG_WARN_OBJC_ROOT_CLASS = YES_ERROR;
				CLANG_WARN_QUOTED_INCLUDE_IN_FRAMEWORK_HEADER = YES;
				CLANG_WARN_RANGE_LOOP_ANALYSIS = YES;
				CLANG_WARN_STRICT_PROTOTYPES = YES;
				CLANG_WARN_SUSPICIOUS_MOVE = YES;
				CLANG_WARN_UNGUARDED_AVAILABILITY = YES_AGGRESSIVE;
				CLANG_WARN_UNREACHABLE_CODE = YES;
				CLANG_WARN__DUPLICATE_METHOD_MATCH = YES;
				COPY_PHASE_STRIP = NO;
				DEBUG_INFORMATION_FORMAT = "dwarf-with-dsym";
				ENABLE_NS_ASSERTIONS = NO;
				ENABLE_STRICT_OBJC_MSGSEND = YES;
				ENABLE_USER_SCRIPT_SANDBOXING = YES;
				GCC_C_LANGUAGE_STANDARD = gnu17;
				GCC_NO_COMMON_BLOCKS = YES;
				GCC_WARN_64_TO_32_BIT_CONVERSION = YES;
				GCC_WARN_ABOUT_RETURN_TYPE = YES_ERROR;
				GCC_WARN_UNDECLARED_SELECTOR = YES;
				GCC_WARN_UNINITIALIZED_AUTOS = YES_AGGRESSIVE;
				GCC_WARN_UNUSED_FUNCTION = YES;
				GCC_WARN_UNUSED_VARIABLE = YES;
				IPHONEOS_DEPLOYMENT_TARGET = 18.2;
				LOCALIZATION_PREFERS_STRING_CATALOGS = YES;
				MTL_ENABLE_DEBUG_INFO = NO;
				MTL_FAST_MATH = YES;
				SDKROOT = iphoneos;
				SWIFT_COMPILATION_MODE = wholemodule;
				VALIDATE_PRODUCT = YES;
			};
			name = Release;
		};
		4CCCB8ED2D2B879C00AA254F /* Debug */ = {
			isa = XCBuildConfiguration;
			buildSettings = {
				ASSETCATALOG_COMPILER_APPICON_NAME = AppIcon;
				ASSETCATALOG_COMPILER_GLOBAL_ACCENT_COLOR_NAME = AccentColor;
				CODE_SIGN_STYLE = Automatic;
				CURRENT_PROJECT_VERSION = 1;
				DEVELOPMENT_ASSET_PATHS = "\"CoinFlip/Preview Content\"";
				ENABLE_PREVIEWS = YES;
				GENERATE_INFOPLIST_FILE = YES;
				INFOPLIST_KEY_UIApplicationSceneManifest_Generation = YES;
				INFOPLIST_KEY_UIApplicationSupportsIndirectInputEvents = YES;
				INFOPLIST_KEY_UILaunchScreen_Generation = YES;
				INFOPLIST_KEY_UISupportedInterfaceOrientations_iPad = "UIInterfaceOrientationPortrait UIInterfaceOrientationPortraitUpsideDown UIInterfaceOrientationLandscapeLeft UIInterfaceOrientationLandscapeRight";
				INFOPLIST_KEY_UISupportedInterfaceOrientations_iPhone = "UIInterfaceOrientationPortrait UIInterfaceOrientationLandscapeLeft UIInterfaceOrientationLandscapeRight";
				LD_RUNPATH_SEARCH_PATHS = (
					"$(inherited)",
					"@executable_path/Frameworks",
				);
				MARKETING_VERSION = 1.0;
				PRODUCT_BUNDLE_IDENTIFIER = com.shiva.CoinFlip;
				PRODUCT_NAME = "$(TARGET_NAME)";
				SWIFT_EMIT_LOC_STRINGS = YES;
				SWIFT_VERSION = 5.0;
				TARGETED_DEVICE_FAMILY = "1,2";
			};
			name = Debug;
		};
		4CCCB8EE2D2B879C00AA254F /* Release */ = {
			isa = XCBuildConfiguration;
			buildSettings = {
				ASSETCATALOG_COMPILER_APPICON_NAME = AppIcon;
				ASSETCATALOG_COMPILER_GLOBAL_ACCENT_COLOR_NAME = AccentColor;
				CODE_SIGN_STYLE = Automatic;
				CURRENT_PROJECT_VERSION = 1;
				DEVELOPMENT_ASSET_PATHS = "\"CoinFlip/Preview Content\"";
				ENABLE_PREVIEWS = YES;
				GENERATE_INFOPLIST_FILE = YES;
				INFOPLIST_KEY_UIApplicationSceneManifest_Generation = YES;
				INFOPLIST_KEY_UIApplicationSupportsIndirectInputEvents = YES;
				INFOPLIST_KEY_UILaunchScreen_Generation = YES;
				INFOPLIST_KEY_UISupportedInterfaceOrientations_iPad = "UIInterfaceOrientationPortrait UIInterfaceOrientationPortraitUpsideDown UIInterfaceOrientationLandscapeLeft UIInterfaceOrientationLandscapeRight";
				INFOPLIST_KEY_UISupportedInterfaceOrientations_iPhone = "UIInterfaceOrientationPortrait UIInterfaceOrientationLandscapeLeft UIInterfaceOrientationLandscapeRight";
				LD_RUNPATH_SEARCH_PATHS = (
					"$(inherited)",
					"@executable_path/Frameworks",
				);
				MARKETING_VERSION = 1.0;
				PRODUCT_BUNDLE_IDENTIFIER = com.shiva.CoinFlip;
				PRODUCT_NAME = "$(TARGET_NAME)";
				SWIFT_EMIT_LOC_STRINGS = YES;
				SWIFT_VERSION = 5.0;
				TARGETED_DEVICE_FAMILY = "1,2";
			};
			name = Release;
		};
		4CCCB8F02D2B879C00AA254F /* Debug */ = {
			isa = XCBuildConfiguration;
			buildSettings = {
				BUNDLE_LOADER = "$(TEST_HOST)";
				CODE_SIGN_STYLE = Automatic;
				CURRENT_PROJECT_VERSION = 1;
				GENERATE_INFOPLIST_FILE = YES;
				IPHONEOS_DEPLOYMENT_TARGET = 18.2;
				MARKETING_VERSION = 1.0;
				PRODUCT_BUNDLE_IDENTIFIER = com.shiva.CoinFlipTests;
				PRODUCT_NAME = "$(TARGET_NAME)";
				SWIFT_EMIT_LOC_STRINGS = NO;
				SWIFT_VERSION = 5.0;
				TARGETED_DEVICE_FAMILY = "1,2";
				TEST_HOST = "$(BUILT_PRODUCTS_DIR)/CoinFlip.app/$(BUNDLE_EXECUTABLE_FOLDER_PATH)/CoinFlip";
			};
			name = Debug;
		};
		4CCCB8F12D2B879C00AA254F /* Release */ = {
			isa = XCBuildConfiguration;
			buildSettings = {
				BUNDLE_LOADER = "$(TEST_HOST)";
				CODE_SIGN_STYLE = Automatic;
				CURRENT_PROJECT_VERSION = 1;
				GENERATE_INFOPLIST_FILE = YES;
				IPHONEOS_DEPLOYMENT_TARGET = 18.2;
				MARKETING_VERSION = 1.0;
				PRODUCT_BUNDLE_IDENTIFIER = com.shiva.CoinFlipTests;
				PRODUCT_NAME = "$(TARGET_NAME)";
				SWIFT_EMIT_LOC_STRINGS = NO;
				SWIFT_VERSION = 5.0;
				TARGETED_DEVICE_FAMILY = "1,2";
				TEST_HOST = "$(BUILT_PRODUCTS_DIR)/CoinFlip.app/$(BUNDLE_EXECUTABLE_FOLDER_PATH)/CoinFlip";
			};
			name = Release;
		};
		4CCCB8F32D2B879C00AA254F /* Debug */ = {
			isa = XCBuildConfiguration;
			buildSettings = {
				CODE_SIGN_STYLE = Automatic;
				CURRENT_PROJECT_VERSION = 1;
				GENERATE_INFOPLIST_FILE = YES;
				MARKETING_VERSION = 1.0;
				PRODUCT_BUNDLE_IDENTIFIER = com.shiva.CoinFlipUITests;
				PRODUCT_NAME = "$(TARGET_NAME)";
				SWIFT_EMIT_LOC_STRINGS = NO;
				SWIFT_VERSION = 5.0;
				TARGETED_DEVICE_FAMILY = "1,2";
				TEST_TARGET_NAME = CoinFlip;
			};
			name = Debug;
		};
		4CCCB8F42D2B879C00AA254F /* Release */ = {
			isa = XCBuildConfiguration;
			buildSettings = {
				CODE_SIGN_STYLE = Automatic;
				CURRENT_PROJECT_VERSION = 1;
				GENERATE_INFOPLIST_FILE = YES;
				MARKETING_VERSION = 1.0;
				PRODUCT_BUNDLE_IDENTIFIER = com.shiva.CoinFlipUITests;
				PRODUCT_NAME = "$(TARGET_NAME)";
				SWIFT_EMIT_LOC_STRINGS = NO;
				SWIFT_VERSION = 5.0;
				TARGETED_DEVICE_FAMILY = "1,2";
				TEST_TARGET_NAME = CoinFlip;
			};
			name = Release;
		};
/* End XCBuildConfiguration section */

/* Begin XCConfigurationList section */
		4CCCB8C32D2B879900AA254F /* Build configuration list for PBXProject "CoinFlip" */ = {
			isa = XCConfigurationList;
			buildConfigurations = (
				4CCCB8EA2D2B879C00AA254F /* Debug */,
				4CCCB8EB2D2B879C00AA254F /* Release */,
			);
			defaultConfigurationIsVisible = 0;
			defaultConfigurationName = Release;
		};
		4CCCB8EC2D2B879C00AA254F /* Build configuration list for PBXNativeTarget "CoinFlip" */ = {
			isa = XCConfigurationList;
			buildConfigurations = (
				4CCCB8ED2D2B879C00AA254F /* Debug */,
				4CCCB8EE2D2B879C00AA254F /* Release */,
			);
			defaultConfigurationIsVisible = 0;
			defaultConfigurationName = Release;
		};
		4CCCB8EF2D2B879C00AA254F /* Build configuration list for PBXNativeTarget "CoinFlipTests" */ = {
			isa = XCConfigurationList;
			buildConfigurations = (
				4CCCB8F02D2B879C00AA254F /* Debug */,
				4CCCB8F12D2B879C00AA254F /* Release */,
			);
			defaultConfigurationIsVisible = 0;
			defaultConfigurationName = Release;
		};
		4CCCB8F22D2B879C00AA254F /* Build configuration list for PBXNativeTarget "CoinFlipUITests" */ = {
			isa = XCConfigurationList;
			buildConfigurations = (
				4CCCB8F32D2B879C00AA254F /* Debug */,
				4CCCB8F42D2B879C00AA254F /* Release */,
			);
			defaultConfigurationIsVisible = 0;
			defaultConfigurationName = Release;
		};
/* End XCConfigurationList section */
	};
	rootObject = 4CCCB8C02D2B879900AA254F /* Project object */;
}
